
Microsoft Visual Studio Solution File, Format Version 12.00
# Visual Studio Version 16
VisualStudioVersion = 16.0.32630.194
MinimumVisualStudioVersion = 10.0.40219.1
Project("{888888A0-9F3D-457C-B088-3A5042F75D52}") = "ArticalExtractor", "ArticalExtractor.pyproj", "{2AE13189-6C98-4858-8667-5195FDA90A88}"
EndProject
Global
	GlobalSection(SolutionConfigurationPlatforms) = preSolution
		Debug|Any CPU = Debug|Any CPU
		Release|Any CPU = Release|Any CPU
	EndGlobalSection
	GlobalSection(ProjectConfigurationPlatforms) = postSolution
		{2AE13189-6C98-4858-8667-5195FDA90A88}.Debug|Any CPU.ActiveCfg = Debug|Any CPU
		{2AE13189-6C98-4858-8667-5195FDA90A88}.Release|Any CPU.ActiveCfg = Release|Any CPU
	EndGlobalSection
	GlobalSection(SolutionProperties) = preSolution
		HideSolutionNode = FALSE
	EndGlobalSection
	GlobalSection(ExtensibilityGlobals) = postSolution
		SolutionGuid = {5F01EBE7-3AA2-4ECB-91FB-C0BC91AD8B4C}
	EndGlobalSection
EndGlobal
